
Microsoft Visual Studio Solution File, Format Version 12.00
# Visual Studio Version 17
VisualStudioVersion = 17.9.34723.18
MinimumVisualStudioVersion = 10.0.40219.1
Project("{FAE04EC0-301F-11D3-BF4B-00C04F79EFBC}") = "API", "API\API.csproj", "{D4E84113-FB1A-4BBD-AC47-C9C0B06478F9}"
EndProject
Project("{FAE04EC0-301F-11D3-BF4B-00C04F79EFBC}") = "DAL", "DAL\DAL.csproj", "{3AF51A60-5DF9-4942-B5FE-42C1044731C0}"
EndProject
Project("{FAE04EC0-301F-11D3-BF4B-00C04F79EFBC}") = "Shared", "Shared\Shared.csproj", "{1787EA5A-18C2-4B76-926C-84A2391178F4}"
EndProject
Global
	GlobalSection(SolutionConfigurationPlatforms) = preSolution
		Debug|Any CPU = Debug|Any CPU
		Release|Any CPU = Release|Any CPU
	EndGlobalSection
	GlobalSection(ProjectConfigurationPlatforms) = postSolution
		{D4E84113-FB1A-4BBD-AC47-C9C0B06478F9}.Debug|Any CPU.ActiveCfg = Debug|Any CPU
		{D4E84113-FB1A-4BBD-AC47-C9C0B06478F9}.Debug|Any CPU.Build.0 = Debug|Any CPU
		{D4E84113-FB1A-4BBD-AC47-C9C0B06478F9}.Release|Any CPU.ActiveCfg = Release|Any CPU
		{D4E84113-FB1A-4BBD-AC47-C9C0B06478F9}.Release|Any CPU.Build.0 = Release|Any CPU
		{3AF51A60-5DF9-4942-B5FE-42C1044731C0}.Debug|Any CPU.ActiveCfg = Debug|Any CPU
		{3AF51A60-5DF9-4942-B5FE-42C1044731C0}.Debug|Any CPU.Build.0 = Debug|Any CPU
		{3AF51A60-5DF9-4942-B5FE-42C1044731C0}.Release|Any CPU.ActiveCfg = Release|Any CPU
		{3AF51A60-5DF9-4942-B5FE-42C1044731C0}.Release|Any CPU.Build.0 = Release|Any CPU
		{1787EA5A-18C2-4B76-926C-84A2391178F4}.Debug|Any CPU.ActiveCfg = Debug|Any CPU
		{1787EA5A-18C2-4B76-926C-84A2391178F4}.Debug|Any CPU.Build.0 = Debug|Any CPU
		{1787EA5A-18C2-4B76-926C-84A2391178F4}.Release|Any CPU.ActiveCfg = Release|Any CPU
		{1787EA5A-18C2-4B76-926C-84A2391178F4}.Release|Any CPU.Build.0 = Release|Any CPU
	EndGlobalSection
	GlobalSection(SolutionProperties) = preSolution
		HideSolutionNode = FALSE
	EndGlobalSection
	GlobalSection(ExtensibilityGlobals) = postSolution
		SolutionGuid = {78A4FAB6-3C95-4107-AA84-C22385D5CB57}
	EndGlobalSection
EndGlobal
